<?xml version="1.0" encoding="utf-8"?>
<Project ToolsVersion="4.0" xmlns="http://schemas.microsoft.com/developer/msbuild/2003">
  <ItemGroup>
    <Filter Include="Source">
      <UniqueIdentifier>{478092ec-3fd1-4a81-99cd-91c5dddcdd80}</UniqueIdentifier>
    </Filter>
    <Filter Include="Source\Subsystems">
      <UniqueIdentifier>{b544858b-31d2-447f-a9d7-836053a4d9b3}</UniqueIdentifier>
    </Filter>
    <Filter Include="Source\Helpers">
      <UniqueIdentifier>{0d29ffba-872d-4cf4-b4ce-6ff95c728735}</UniqueIdentifier>
    </Filter>
    <Filter Include="Source\Nodes">
      <UniqueIdentifier>{5898a355-421d-4c8d-8d63-d963328bcb4e}</UniqueIdentifier>
    </Filter>
  </ItemGroup>
  <ItemGroup>
    <ClCompile Include="main.cpp">
      <Filter>Source</Filter>
    </ClCompile>
    <ClCompile Include="Game.cpp">
      <Filter>Source</Filter>
    </ClCompile>
    <ClCompile Include="Font.cpp">
      <Filter>Source</Filter>
    </ClCompile>
    <ClCompile Include="Font_Subsystem.cpp">
      <Filter>Source\Subsystems</Filter>
    </ClCompile>
    <ClCompile Include="Subsystems.cpp">
      <Filter>Source</Filter>
    </ClCompile>
    <ClCompile Include="SDL_Subsystem.cpp">
      <Filter>Source\Subsystems</Filter>
    </ClCompile>
    <ClCompile Include="Image_Subsystem.cpp">
      <Filter>Source\Subsystems</Filter>
    </ClCompile>
    <ClCompile Include="Application.cpp">
      <Filter>Source</Filter>
    </ClCompile>
    <ClCompile Include="GameEngine.cpp">
      <Filter>Source</Filter>
    </ClCompile>
    <ClCompile Include="sprite.cpp">
      <Filter>Source\Nodes</Filter>
    </ClCompile>
    <ClCompile Include="Node.cpp">
      <Filter>Source\Nodes</Filter>
    </ClCompile>
    <ClCompile Include="Text.cpp">
      <Filter>Source\Nodes</Filter>
    </ClCompile>
    <ClCompile Include="RootNode.cpp">
      <Filter>Source\Nodes</Filter>
    </ClCompile>
  </ItemGroup>
  <ItemGroup>
    <ClInclude Include="Game.h">
      <Filter>Source</Filter>
    </ClInclude>
    <ClInclude Include="Font.h">
      <Filter>Source</Filter>
    </ClInclude>
    <ClInclude Include="Font_Subsystem.h">
      <Filter>Source\Subsystems</Filter>
    </ClInclude>
    <ClInclude Include="Subsystems.h">
      <Filter>Source</Filter>
    </ClInclude>
    <ClInclude Include="SDL_Subsystem.h">
      <Filter>Source\Subsystems</Filter>
    </ClInclude>
    <ClInclude Include="Image_Subsystem.h">
      <Filter>Source\Subsystems</Filter>
    </ClInclude>
    <ClInclude Include="SDL_ImageLoader.h">
      <Filter>Source\Helpers</Filter>
    </ClInclude>
    <ClInclude Include="Application.h">
      <Filter>Source</Filter>
    </ClInclude>
    <ClInclude Include="PointerBag.h">
      <Filter>Source</Filter>
    </ClInclude>
    <ClInclude Include="GameEngine.h">
      <Filter>Source</Filter>
    </ClInclude>
    <ClInclude Include="sprite.h">
      <Filter>Source\Nodes</Filter>
    </ClInclude>
    <ClInclude Include="Node.h">
      <Filter>Source\Nodes</Filter>
    </ClInclude>
    <ClInclude Include="Text.h">
      <Filter>Source\Nodes</Filter>
    </ClInclude>
    <ClInclude Include="RootNode.h">
      <Filter>Source\Nodes</Filter>
    </ClInclude>
  </ItemGroup>
</Project>