<?xml version="1.0" encoding="utf-8"?>
<Project ToolsVersion="4.0" xmlns="http://schemas.microsoft.com/developer/msbuild/2003">
  <ItemGroup>
    <Filter Include="Source">
      <UniqueIdentifier>{478092ec-3fd1-4a81-99cd-91c5dddcdd80}</UniqueIdentifier>
    </Filter>
    <Filter Include="Source\Helpers">
      <UniqueIdentifier>{0d29ffba-872d-4cf4-b4ce-6ff95c728735}</UniqueIdentifier>
    </Filter>
    <Filter Include="Source\Engine">
      <UniqueIdentifier>{bcdd2d95-3ac8-4d33-9d28-ffd9c2194865}</UniqueIdentifier>
    </Filter>
    <Filter Include="Source\Engine\Subsystems">
      <UniqueIdentifier>{b544858b-31d2-447f-a9d7-836053a4d9b3}</UniqueIdentifier>
    </Filter>
    <Filter Include="Source\Engine\AppFSM">
      <UniqueIdentifier>{d0f61395-d801-4c62-a8a7-e94868e8e889}</UniqueIdentifier>
    </Filter>
    <Filter Include="Source\EcoSim">
      <UniqueIdentifier>{baadad06-cd21-49f8-a76c-d5bec59472ee}</UniqueIdentifier>
    </Filter>
    <Filter Include="Source\Engine\AppFSM\AppStates">
      <UniqueIdentifier>{1f4bb007-af83-4eb8-911e-ea1ac6d17971}</UniqueIdentifier>
    </Filter>
    <Filter Include="Source\EcoSim\AppStates">
      <UniqueIdentifier>{f304b8f7-d24f-40d6-b8d0-16b6a2b4a0a4}</UniqueIdentifier>
    </Filter>
    <Filter Include="Source\EcoSim\Title">
      <UniqueIdentifier>{66c30799-9f1b-4a20-b2ed-2262717e1e17}</UniqueIdentifier>
    </Filter>
    <Filter Include="Source\EcoSim\Game">
      <UniqueIdentifier>{bfbf2a0c-4820-4e8d-a4ca-4282d4a862f9}</UniqueIdentifier>
    </Filter>
    <Filter Include="Source\Engine\UI">
      <UniqueIdentifier>{8ae09442-9525-44f1-a069-fbf6ecaaa992}</UniqueIdentifier>
    </Filter>
    <Filter Include="Source\EcoSim\GameSetup">
      <UniqueIdentifier>{ecb736ec-1145-4677-914b-60bcc7bf0932}</UniqueIdentifier>
    </Filter>
  </ItemGroup>
  <ItemGroup>
    <ClCompile Include="Font_Subsystem.cpp">
      <Filter>Source\Engine\Subsystems</Filter>
    </ClCompile>
    <ClCompile Include="SDL_Subsystem.cpp">
      <Filter>Source\Engine\Subsystems</Filter>
    </ClCompile>
    <ClCompile Include="Image_Subsystem.cpp">
      <Filter>Source\Engine\Subsystems</Filter>
    </ClCompile>
    <ClCompile Include="Application.cpp">
      <Filter>Source\Engine</Filter>
    </ClCompile>
    <ClCompile Include="GameEngine.cpp">
      <Filter>Source\Engine</Filter>
    </ClCompile>
    <ClCompile Include="Subsystems.cpp">
      <Filter>Source\Engine</Filter>
    </ClCompile>
    <ClCompile Include="main.cpp">
      <Filter>Source\EcoSim</Filter>
    </ClCompile>
    <ClCompile Include="AppExit_AppState.cpp">
      <Filter>Source\Engine\AppFSM\AppStates</Filter>
    </ClCompile>
    <ClCompile Include="AppInit_AppState.cpp">
      <Filter>Source\Engine\AppFSM\AppStates</Filter>
    </ClCompile>
    <ClCompile Include="AppFSM.cpp">
      <Filter>Source\Engine\AppFSM</Filter>
    </ClCompile>
    <ClCompile Include="Title_AppState.cpp">
      <Filter>Source\EcoSim\AppStates</Filter>
    </ClCompile>
    <ClCompile Include="Game_AppState.cpp">
      <Filter>Source\EcoSim\AppStates</Filter>
    </ClCompile>
    <ClCompile Include="TitleMenu.cpp">
      <Filter>Source\EcoSim\Title</Filter>
    </ClCompile>
    <ClCompile Include="Font.cpp">
      <Filter>Source\Engine\UI</Filter>
    </ClCompile>
    <ClCompile Include="Text.cpp">
      <Filter>Source\Engine\UI</Filter>
    </ClCompile>
    <ClCompile Include="MenuButton.cpp">
      <Filter>Source\Engine\UI</Filter>
    </ClCompile>
    <ClCompile Include="UITexture.cpp">
      <Filter>Source\Engine\UI</Filter>
    </ClCompile>
    <ClCompile Include="Load_AppState.cpp">
      <Filter>Source\EcoSim\AppStates</Filter>
    </ClCompile>
    <ClCompile Include="Options_AppState.cpp">
      <Filter>Source\EcoSim\AppStates</Filter>
    </ClCompile>
    <ClCompile Include="GameSetup_AppState.cpp">
      <Filter>Source\EcoSim\AppStates</Filter>
    </ClCompile>
    <ClCompile Include="SimpleButton.cpp">
      <Filter>Source\Engine\UI</Filter>
    </ClCompile>
  </ItemGroup>
  <ItemGroup>
    <ClInclude Include="Font_Subsystem.h">
      <Filter>Source\Engine\Subsystems</Filter>
    </ClInclude>
    <ClInclude Include="SDL_Subsystem.h">
      <Filter>Source\Engine\Subsystems</Filter>
    </ClInclude>
    <ClInclude Include="Image_Subsystem.h">
      <Filter>Source\Engine\Subsystems</Filter>
    </ClInclude>
    <ClInclude Include="SDL_ImageLoader.h">
      <Filter>Source\Helpers</Filter>
    </ClInclude>
    <ClInclude Include="Application.h">
      <Filter>Source\Engine</Filter>
    </ClInclude>
    <ClInclude Include="GameEngine.h">
      <Filter>Source\Engine</Filter>
    </ClInclude>
    <ClInclude Include="Subsystems.h">
      <Filter>Source\Engine</Filter>
    </ClInclude>
    <ClInclude Include="PointerBag.h">
      <Filter>Source\Engine</Filter>
    </ClInclude>
    <ClInclude Include="AppExit_AppState.h">
      <Filter>Source\Engine\AppFSM\AppStates</Filter>
    </ClInclude>
    <ClInclude Include="AppInit_AppState.h">
      <Filter>Source\Engine\AppFSM\AppStates</Filter>
    </ClInclude>
    <ClInclude Include="AppFSM.h">
      <Filter>Source\Engine\AppFSM</Filter>
    </ClInclude>
    <ClInclude Include="AppState.h">
      <Filter>Source\Engine\AppFSM</Filter>
    </ClInclude>
    <ClInclude Include="Title_AppState.h">
      <Filter>Source\EcoSim\AppStates</Filter>
    </ClInclude>
    <ClInclude Include="Game_AppState.h">
      <Filter>Source\EcoSim\AppStates</Filter>
    </ClInclude>
    <ClInclude Include="TitleMenu.h">
      <Filter>Source\EcoSim\Title</Filter>
    </ClInclude>
    <ClInclude Include="Font.h">
      <Filter>Source\Engine\UI</Filter>
    </ClInclude>
    <ClInclude Include="Text.h">
      <Filter>Source\Engine\UI</Filter>
    </ClInclude>
    <ClInclude Include="MenuButton.h">
      <Filter>Source\Engine\UI</Filter>
    </ClInclude>
    <ClInclude Include="UITexture.h">
      <Filter>Source\Engine\UI</Filter>
    </ClInclude>
    <ClInclude Include="GameApp.h">
      <Filter>Source\EcoSim</Filter>
    </ClInclude>
    <ClInclude Include="Load_AppState.h">
      <Filter>Source\EcoSim\AppStates</Filter>
    </ClInclude>
    <ClInclude Include="Options_AppState.h">
      <Filter>Source\EcoSim\AppStates</Filter>
    </ClInclude>
    <ClInclude Include="GameSetup_AppState.h">
      <Filter>Source\EcoSim\AppStates</Filter>
    </ClInclude>
    <ClInclude Include="SimpleButton.h">
      <Filter>Source\Engine\UI</Filter>
    </ClInclude>
  </ItemGroup>
</Project>