
Microsoft Visual Studio Solution File, Format Version 12.00
# Visual Studio 15
VisualStudioVersion = 15.0.28010.2016
MinimumVisualStudioVersion = 10.0.40219.1
Project("{8BC9CEB8-8B4A-11D0-8D11-00A0C91BC942}") = "TestProject", "TestProject\TestProject.vcxproj", "{693C5E80-9C4C-4150-9622-004B6060DF5E}"
EndProject
Global
	GlobalSection(SolutionConfigurationPlatforms) = preSolution
		Debug|x64 = Debug|x64
		Release|x64 = Release|x64
	EndGlobalSection
	GlobalSection(ProjectConfigurationPlatforms) = postSolution
		{693C5E80-9C4C-4150-9622-004B6060DF5E}.Debug|x64.ActiveCfg = Debug|x64
		{693C5E80-9C4C-4150-9622-004B6060DF5E}.Debug|x64.Build.0 = Debug|x64
		{693C5E80-9C4C-4150-9622-004B6060DF5E}.Release|x64.ActiveCfg = Release|x64
		{693C5E80-9C4C-4150-9622-004B6060DF5E}.Release|x64.Build.0 = Release|x64
	EndGlobalSection
	GlobalSection(SolutionProperties) = preSolution
		HideSolutionNode = FALSE
	EndGlobalSection
	GlobalSection(ExtensibilityGlobals) = postSolution
		SolutionGuid = {56CE7A64-CD8B-4C6A-98C8-8001BF956B33}
	EndGlobalSection
EndGlobal
